
Microsoft Visual Studio Solution File, Format Version 12.00
# Visual Studio Version 17
VisualStudioVersion = 17.4.33122.133
MinimumVisualStudioVersion = 10.0.40219.1
Project("{FAE04EC0-301F-11D3-BF4B-00C04F79EFBC}") = "CapenexisLearners22", "CapenexisLearners22\CapenexisLearners22.csproj", "{D5A31A3E-16C1-4815-B2BC-AD0B6A52E2E8}"
EndProject
Global
	GlobalSection(SolutionConfigurationPlatforms) = preSolution
		Debug|Any CPU = Debug|Any CPU
		Release|Any CPU = Release|Any CPU
	EndGlobalSection
	GlobalSection(ProjectConfigurationPlatforms) = postSolution
		{D5A31A3E-16C1-4815-B2BC-AD0B6A52E2E8}.Debug|Any CPU.ActiveCfg = Debug|Any CPU
		{D5A31A3E-16C1-4815-B2BC-AD0B6A52E2E8}.Debug|Any CPU.Build.0 = Debug|Any CPU
		{D5A31A3E-16C1-4815-B2BC-AD0B6A52E2E8}.Release|Any CPU.ActiveCfg = Release|Any CPU
		{D5A31A3E-16C1-4815-B2BC-AD0B6A52E2E8}.Release|Any CPU.Build.0 = Release|Any CPU
	EndGlobalSection
	GlobalSection(SolutionProperties) = preSolution
		HideSolutionNode = FALSE
	EndGlobalSection
	GlobalSection(ExtensibilityGlobals) = postSolution
		SolutionGuid = {B0F00D3C-C72C-4305-B1A4-3A5C0FF88572}
	EndGlobalSection
EndGlobal
